<?xml version="1.0" encoding="utf-8"?>
<Project ToolsVersion="4.0" xmlns="http://schemas.microsoft.com/developer/msbuild/2003">
  <ItemGroup>
    <Filter Include="源文件">
      <UniqueIdentifier>{4FC737F1-C7A5-4376-A066-2A32D752A2FF}</UniqueIdentifier>
      <Extensions>cpp;c;cc;cxx;c++;cppm;ixx;def;odl;idl;hpj;bat;asm;asmx</Extensions>
    </Filter>
    <Filter Include="头文件">
      <UniqueIdentifier>{93995380-89BD-4b04-88EB-625FBE52EBFB}</UniqueIdentifier>
      <Extensions>h;hh;hpp;hxx;h++;hm;inl;inc;ipp;xsd</Extensions>
    </Filter>
    <Filter Include="资源文件">
      <UniqueIdentifier>{67DA6AB6-F800-4c08-8B7A-83BB121AAD01}</UniqueIdentifier>
      <Extensions>rc;ico;cur;bmp;dlg;rc2;rct;bin;rgs;gif;jpg;jpeg;jpe;resx;tiff;tif;png;wav;mfcribbon-ms</Extensions>
    </Filter>
    <Filter Include="题单100">
      <UniqueIdentifier>{e27a5da0-4a9c-49ae-84a9-7009a6729e6a}</UniqueIdentifier>
    </Filter>
    <Filter Include="题单101">
      <UniqueIdentifier>{0ea9c35a-2d06-4cc3-9953-f29107b7f6f1}</UniqueIdentifier>
    </Filter>
  </ItemGroup>
  <ItemGroup>
    <ClCompile Include="src\题单100\P5708.cpp">
      <Filter>题单100</Filter>
    </ClCompile>
    <ClCompile Include="src\题单100\P5707.cpp">
      <Filter>题单100</Filter>
    </ClCompile>
    <ClCompile Include="src\题单100\P5706.cpp">
      <Filter>题单100</Filter>
    </ClCompile>
    <ClCompile Include="src\题单100\P5705.cpp">
      <Filter>题单100</Filter>
    </ClCompile>
    <ClCompile Include="src\题单100\P5704.cpp">
      <Filter>题单100</Filter>
    </ClCompile>
    <ClCompile Include="src\题单100\P5703.cpp">
      <Filter>题单100</Filter>
    </ClCompile>
    <ClCompile Include="src\题单100\P3954.cpp">
      <Filter>题单100</Filter>
    </ClCompile>
    <ClCompile Include="src\题单100\P1425.cpp">
      <Filter>题单100</Filter>
    </ClCompile>
    <ClCompile Include="src\题单100\P1421.cpp">
      <Filter>题单100</Filter>
    </ClCompile>
    <ClCompile Include="src\题单100\B2029.cpp">
      <Filter>题单100</Filter>
    </ClCompile>
    <ClCompile Include="src\题单100\B2005.cpp">
      <Filter>题单100</Filter>
    </ClCompile>
    <ClCompile Include="src\题单101\P2433.cpp">
      <Filter>题单101</Filter>
    </ClCompile>
    <ClCompile Include="src\题单101\P5709.cpp">
      <Filter>题单101</Filter>
    </ClCompile>
    <ClCompile Include="src\题单101\P5710.cpp">
      <Filter>题单101</Filter>
    </ClCompile>
    <ClCompile Include="src\题单101\P5711.cpp">
      <Filter>题单101</Filter>
    </ClCompile>
    <ClCompile Include="src\题单101\P5712.cpp">
      <Filter>题单101</Filter>
    </ClCompile>
    <ClCompile Include="src\题单101\P5713.cpp">
      <Filter>题单101</Filter>
    </ClCompile>
    <ClCompile Include="src\题单101\P5714.cpp">
      <Filter>题单101</Filter>
    </ClCompile>
    <ClCompile Include="src\题单101\P5716_数组排序.cpp">
      <Filter>题单101</Filter>
    </ClCompile>
    <ClCompile Include="src\题单101\P5716.cpp">
      <Filter>题单101</Filter>
    </ClCompile>
    <ClCompile Include="src\题单101\P1085_多行输入.cpp">
      <Filter>题单101</Filter>
    </ClCompile>
    <ClCompile Include="src\题单101\P1909.cpp">
      <Filter>题单101</Filter>
    </ClCompile>
    <ClCompile Include="src\题单101\P5717_三角形判定.cpp">
      <Filter>题单101</Filter>
    </ClCompile>
    <ClCompile Include="src\题单101\P1422.cpp">
      <Filter>题单101</Filter>
    </ClCompile>
    <ClCompile Include="src\题单101\P1424.cpp">
      <Filter>题单101</Filter>
    </ClCompile>
    <ClCompile Include="src\题单101\P1888.cpp">
      <Filter>题单101</Filter>
    </ClCompile>
    <ClCompile Include="src\题单101\P1046.cpp">
      <Filter>题单101</Filter>
    </ClCompile>
    <ClCompile Include="src\题单101\P4414_字符串操作.cpp">
      <Filter>题单101</Filter>
    </ClCompile>
    <ClCompile Include="src\题单101\P1055_字符串操作细节.cpp">
      <Filter>题单101</Filter>
    </ClCompile>
    <ClCompile Include="src\普及_提高-\P1219_八皇后_DFS思路_暂未理解透彻.cpp">
      <Filter>源文件</Filter>
    </ClCompile>
  </ItemGroup>
</Project>