<?xml version="1.0" encoding="utf-8"?>
<Project ToolsVersion="4.0" xmlns="http://schemas.microsoft.com/developer/msbuild/2003">
  <ItemGroup>
    <Filter Include="源文件">
      <UniqueIdentifier>{4FC737F1-C7A5-4376-A066-2A32D752A2FF}</UniqueIdentifier>
      <Extensions>cpp;c;cc;cxx;c++;cppm;ixx;def;odl;idl;hpj;bat;asm;asmx</Extensions>
    </Filter>
    <Filter Include="头文件">
      <UniqueIdentifier>{93995380-89BD-4b04-88EB-625FBE52EBFB}</UniqueIdentifier>
      <Extensions>h;hh;hpp;hxx;h++;hm;inl;inc;ipp;xsd</Extensions>
    </Filter>
    <Filter Include="资源文件">
      <UniqueIdentifier>{67DA6AB6-F800-4c08-8B7A-83BB121AAD01}</UniqueIdentifier>
      <Extensions>rc;ico;cur;bmp;dlg;rc2;rct;bin;rgs;gif;jpg;jpeg;jpe;resx;tiff;tif;png;wav;mfcribbon-ms</Extensions>
    </Filter>
    <Filter Include="题单100">
      <UniqueIdentifier>{e27a5da0-4a9c-49ae-84a9-7009a6729e6a}</UniqueIdentifier>
    </Filter>
    <Filter Include="题单101">
      <UniqueIdentifier>{0ea9c35a-2d06-4cc3-9953-f29107b7f6f1}</UniqueIdentifier>
    </Filter>
  </ItemGroup>
  <ItemGroup>
    <ClCompile Include="src\普及_提高-\P1219_八皇后_DFS思路.cpp">
      <Filter>源文件</Filter>
    </ClCompile>
    <ClCompile Include="src\题单102_循环结构\P1035.cpp">
      <Filter>源文件</Filter>
    </ClCompile>
    <ClCompile Include="src\题单102_循环结构\P1980.cpp">
      <Filter>源文件</Filter>
    </ClCompile>
    <ClCompile Include="src\题单102_循环结构\P2669.cpp">
      <Filter>源文件</Filter>
    </ClCompile>
    <ClCompile Include="src\题单102_循环结构\P5718_迭代器使用.cpp">
      <Filter>源文件</Filter>
    </ClCompile>
    <ClCompile Include="src\题单102_循环结构\P5719.cpp">
      <Filter>源文件</Filter>
    </ClCompile>
    <ClCompile Include="src\题单102_循环结构\P5720.cpp">
      <Filter>源文件</Filter>
    </ClCompile>
    <ClCompile Include="src\题单102_循环结构\P5721.cpp">
      <Filter>源文件</Filter>
    </ClCompile>
    <ClCompile Include="src\题单102_循环结构\P5723.cpp">
      <Filter>源文件</Filter>
    </ClCompile>
    <ClCompile Include="src\题单100_顺序结构\B2005.cpp">
      <Filter>源文件</Filter>
    </ClCompile>
    <ClCompile Include="src\题单100_顺序结构\B2029.cpp">
      <Filter>源文件</Filter>
    </ClCompile>
    <ClCompile Include="src\题单101_分支结构\P1046.cpp">
      <Filter>源文件</Filter>
    </ClCompile>
    <ClCompile Include="src\题单101_分支结构\P1055_字符串操作细节.cpp">
      <Filter>源文件</Filter>
    </ClCompile>
    <ClCompile Include="src\题单101_分支结构\P1085_多行输入.cpp">
      <Filter>源文件</Filter>
    </ClCompile>
    <ClCompile Include="src\题单100_顺序结构\P1421.cpp">
      <Filter>源文件</Filter>
    </ClCompile>
    <ClCompile Include="src\题单101_分支结构\P1422.cpp">
      <Filter>源文件</Filter>
    </ClCompile>
    <ClCompile Include="src\题单101_分支结构\P1424.cpp">
      <Filter>源文件</Filter>
    </ClCompile>
    <ClCompile Include="src\题单100_顺序结构\P1425.cpp">
      <Filter>源文件</Filter>
    </ClCompile>
    <ClCompile Include="src\题单101_分支结构\P1888.cpp">
      <Filter>源文件</Filter>
    </ClCompile>
    <ClCompile Include="src\题单101_分支结构\P1909.cpp">
      <Filter>源文件</Filter>
    </ClCompile>
    <ClCompile Include="src\题单101_分支结构\P2433.cpp">
      <Filter>源文件</Filter>
    </ClCompile>
    <ClCompile Include="src\题单100_顺序结构\P3954.cpp">
      <Filter>源文件</Filter>
    </ClCompile>
    <ClCompile Include="src\题单101_分支结构\P4414_字符串操作.cpp">
      <Filter>源文件</Filter>
    </ClCompile>
    <ClCompile Include="src\题单100_顺序结构\P5703.cpp">
      <Filter>源文件</Filter>
    </ClCompile>
    <ClCompile Include="src\题单100_顺序结构\P5704.cpp">
      <Filter>源文件</Filter>
    </ClCompile>
    <ClCompile Include="src\题单100_顺序结构\P5705.cpp">
      <Filter>源文件</Filter>
    </ClCompile>
    <ClCompile Include="src\题单100_顺序结构\P5706.cpp">
      <Filter>源文件</Filter>
    </ClCompile>
    <ClCompile Include="src\题单100_顺序结构\P5707.cpp">
      <Filter>源文件</Filter>
    </ClCompile>
    <ClCompile Include="src\题单100_顺序结构\P5708.cpp">
      <Filter>源文件</Filter>
    </ClCompile>
    <ClCompile Include="src\题单101_分支结构\P5709.cpp">
      <Filter>源文件</Filter>
    </ClCompile>
    <ClCompile Include="src\题单101_分支结构\P5710.cpp">
      <Filter>源文件</Filter>
    </ClCompile>
    <ClCompile Include="src\题单101_分支结构\P5711.cpp">
      <Filter>源文件</Filter>
    </ClCompile>
    <ClCompile Include="src\题单101_分支结构\P5712.cpp">
      <Filter>源文件</Filter>
    </ClCompile>
    <ClCompile Include="src\题单101_分支结构\P5713.cpp">
      <Filter>源文件</Filter>
    </ClCompile>
    <ClCompile Include="src\题单101_分支结构\P5714.cpp">
      <Filter>源文件</Filter>
    </ClCompile>
    <ClCompile Include="src\题单101_分支结构\P5716.cpp">
      <Filter>源文件</Filter>
    </ClCompile>
    <ClCompile Include="src\题单101_分支结构\P5716_数组排序.cpp">
      <Filter>源文件</Filter>
    </ClCompile>
    <ClCompile Include="src\题单101_分支结构\P5717_三角形判定.cpp">
      <Filter>源文件</Filter>
    </ClCompile>
    <ClCompile Include="src\题单102_循环结构\P1075.cpp">
      <Filter>源文件</Filter>
    </ClCompile>
    <ClCompile Include="src\题单102_循环结构\P1217.cpp">
      <Filter>源文件</Filter>
    </ClCompile>
    <ClCompile Include="src\题单102_循环结构\P5726.cpp">
      <Filter>源文件</Filter>
    </ClCompile>
    <ClCompile Include="src\题单103_数组\P1205_方块转换_字符串数组.cpp">
      <Filter>源文件</Filter>
    </ClCompile>
    <ClCompile Include="src\题单103_数组\P1789_MC火把.cpp">
      <Filter>源文件</Filter>
    </ClCompile>
    <ClCompile Include="src\题单103_数组\P2141.cpp">
      <Filter>源文件</Filter>
    </ClCompile>
    <ClCompile Include="src\题单103_数组\P2615_幻方_二维数组操作.cpp">
      <Filter>源文件</Filter>
    </ClCompile>
    <ClCompile Include="src\题单103_数组\P5730_显示屏_二维string数组实现.cpp">
      <Filter>源文件</Filter>
    </ClCompile>
    <ClCompile Include="src\题单104_字符串\P1125.cpp">
      <Filter>源文件</Filter>
    </ClCompile>
    <ClCompile Include="src\题单104_字符串\P1308_寻找字符串.cpp">
      <Filter>源文件</Filter>
    </ClCompile>
    <ClCompile Include="src\题单104_字符串\P1553_数字翻转.cpp">
      <Filter>源文件</Filter>
    </ClCompile>
    <ClCompile Include="src\题单104_字符串\P1957.cpp">
      <Filter>源文件</Filter>
    </ClCompile>
    <ClCompile Include="src\题单104_字符串\P5734_字符串操作.cpp">
      <Filter>源文件</Filter>
    </ClCompile>
    <ClCompile Include="src\题单104_字符串\P1603.cpp">
      <Filter>源文件</Filter>
    </ClCompile>
    <ClCompile Include="src\题单104_字符串\P1598_柱状图输出.cpp">
      <Filter>源文件</Filter>
    </ClCompile>
    <ClCompile Include="src\题单105_函数与结构体\P2415_集合求和_需数学思维.cpp">
      <Filter>源文件</Filter>
    </ClCompile>
    <ClCompile Include="src\题单105_函数与结构体\P5461_递归调用.cpp">
      <Filter>源文件</Filter>
    </ClCompile>
    <ClCompile Include="src\题单105_函数与结构体\P5736_质数筛.cpp">
      <Filter>源文件</Filter>
    </ClCompile>
    <ClCompile Include="src\题单105_函数与结构体\P5738.cpp">
      <Filter>源文件</Filter>
    </ClCompile>
    <ClCompile Include="src\题单102_循环结构\P1009_阶乘之和_高精度.cpp">
      <Filter>源文件</Filter>
    </ClCompile>
    <ClCompile Include="src\题单105_函数与结构体\P5740.cpp">
      <Filter>源文件</Filter>
    </ClCompile>
    <ClCompile Include="src\题单105_函数与结构体\P5741.cpp">
      <Filter>源文件</Filter>
    </ClCompile>
    <ClCompile Include="src\题单105_函数与结构体\P5742.cpp">
      <Filter>源文件</Filter>
    </ClCompile>
    <ClCompile Include="src\题单106_模拟与高精度\P1042.cpp">
      <Filter>源文件</Filter>
    </ClCompile>
    <ClCompile Include="src\题单106_模拟与高精度\P1303_高精度乘法.cpp">
      <Filter>源文件</Filter>
    </ClCompile>
    <ClCompile Include="src\题单106_模拟与高精度\P1563.cpp">
      <Filter>源文件</Filter>
    </ClCompile>
    <ClCompile Include="src\题单106_模拟与高精度\P1601_高精度加法_字符串实现.cpp">
      <Filter>源文件</Filter>
    </ClCompile>
    <ClCompile Include="src\题单106_模拟与高精度\P4924_矩阵内部旋转.cpp">
      <Filter>源文件</Filter>
    </ClCompile>
    <ClCompile Include="src\题单106_模拟与高精度\P1328.cpp">
      <Filter>源文件</Filter>
    </ClCompile>
    <ClCompile Include="src\题单106_模拟与高精度\P1518_模拟追逐问题.cpp">
      <Filter>源文件</Filter>
    </ClCompile>
    <ClCompile Include="src\题单106_模拟与高精度\P1098_字符串展开.cpp">
      <Filter>源文件</Filter>
    </ClCompile>
  </ItemGroup>
</Project>